
Microsoft Visual Studio Solution File, Format Version 12.00
# Visual Studio Version 16
VisualStudioVersion = 16.0.31424.327
MinimumVisualStudioVersion = 10.0.40219.1
Project("{9A19103F-16F7-4668-BE54-9A1E7A4F7556}") = "SmallBasket", "SmallBasket\SmallBasket.csproj", "{B5457C96-76F1-4789-BE77-B2E968583D40}"
EndProject
Project("{FAE04EC0-301F-11D3-BF4B-00C04F79EFBC}") = "Logger", "Logger\Logger.csproj", "{E921542C-CEE2-4C97-ACDE-B6D682D759E1}"
EndProject
Global
	GlobalSection(SolutionConfigurationPlatforms) = preSolution
		Debug|Any CPU = Debug|Any CPU
		Release|Any CPU = Release|Any CPU
	EndGlobalSection
	GlobalSection(ProjectConfigurationPlatforms) = postSolution
		{B5457C96-76F1-4789-BE77-B2E968583D40}.Debug|Any CPU.ActiveCfg = Debug|Any CPU
		{B5457C96-76F1-4789-BE77-B2E968583D40}.Debug|Any CPU.Build.0 = Debug|Any CPU
		{B5457C96-76F1-4789-BE77-B2E968583D40}.Release|Any CPU.ActiveCfg = Release|Any CPU
		{B5457C96-76F1-4789-BE77-B2E968583D40}.Release|Any CPU.Build.0 = Release|Any CPU
		{E921542C-CEE2-4C97-ACDE-B6D682D759E1}.Debug|Any CPU.ActiveCfg = Debug|Any CPU
		{E921542C-CEE2-4C97-ACDE-B6D682D759E1}.Debug|Any CPU.Build.0 = Debug|Any CPU
		{E921542C-CEE2-4C97-ACDE-B6D682D759E1}.Release|Any CPU.ActiveCfg = Release|Any CPU
		{E921542C-CEE2-4C97-ACDE-B6D682D759E1}.Release|Any CPU.Build.0 = Release|Any CPU
	EndGlobalSection
	GlobalSection(SolutionProperties) = preSolution
		HideSolutionNode = FALSE
	EndGlobalSection
	GlobalSection(ExtensibilityGlobals) = postSolution
		SolutionGuid = {F1FCBCCC-A561-43BE-A564-D115DF481A18}
	EndGlobalSection
EndGlobal
